
Microsoft Visual Studio Solution File, Format Version 12.00
# Visual Studio 14
VisualStudioVersion = 14.0.25420.1
MinimumVisualStudioVersion = 10.0.40219.1
Project("{FAE04EC0-301F-11D3-BF4B-00C04F79EFBC}") = "DataAccess", "DataAccess\DataAccess.csproj", "{4348AEAF-93C9-4783-96D8-C8884E12900E}"
EndProject
Project("{FAE04EC0-301F-11D3-BF4B-00C04F79EFBC}") = "Business", "Business\Business.csproj", "{4C77ECAD-A68E-45FD-A87C-255146403850}"
EndProject
Project("{FAE04EC0-301F-11D3-BF4B-00C04F79EFBC}") = "Entities", "Entities\Entities.csproj", "{8EEBFDFF-BC22-442B-A148-0E43E47DA87A}"
EndProject
Project("{FAE04EC0-301F-11D3-BF4B-00C04F79EFBC}") = "ConsoleUI", "ConsoleUI\ConsoleUI.csproj", "{B95DC806-28FE-445F-8DBF-C3552BE41276}"
EndProject
Global
	GlobalSection(SolutionConfigurationPlatforms) = preSolution
		Debug|Any CPU = Debug|Any CPU
		Release|Any CPU = Release|Any CPU
	EndGlobalSection
	GlobalSection(ProjectConfigurationPlatforms) = postSolution
		{4348AEAF-93C9-4783-96D8-C8884E12900E}.Debug|Any CPU.ActiveCfg = Debug|Any CPU
		{4348AEAF-93C9-4783-96D8-C8884E12900E}.Debug|Any CPU.Build.0 = Debug|Any CPU
		{4348AEAF-93C9-4783-96D8-C8884E12900E}.Release|Any CPU.ActiveCfg = Release|Any CPU
		{4348AEAF-93C9-4783-96D8-C8884E12900E}.Release|Any CPU.Build.0 = Release|Any CPU
		{4C77ECAD-A68E-45FD-A87C-255146403850}.Debug|Any CPU.ActiveCfg = Debug|Any CPU
		{4C77ECAD-A68E-45FD-A87C-255146403850}.Debug|Any CPU.Build.0 = Debug|Any CPU
		{4C77ECAD-A68E-45FD-A87C-255146403850}.Release|Any CPU.ActiveCfg = Release|Any CPU
		{4C77ECAD-A68E-45FD-A87C-255146403850}.Release|Any CPU.Build.0 = Release|Any CPU
		{8EEBFDFF-BC22-442B-A148-0E43E47DA87A}.Debug|Any CPU.ActiveCfg = Debug|Any CPU
		{8EEBFDFF-BC22-442B-A148-0E43E47DA87A}.Debug|Any CPU.Build.0 = Debug|Any CPU
		{8EEBFDFF-BC22-442B-A148-0E43E47DA87A}.Release|Any CPU.ActiveCfg = Release|Any CPU
		{8EEBFDFF-BC22-442B-A148-0E43E47DA87A}.Release|Any CPU.Build.0 = Release|Any CPU
		{B95DC806-28FE-445F-8DBF-C3552BE41276}.Debug|Any CPU.ActiveCfg = Debug|Any CPU
		{B95DC806-28FE-445F-8DBF-C3552BE41276}.Debug|Any CPU.Build.0 = Debug|Any CPU
		{B95DC806-28FE-445F-8DBF-C3552BE41276}.Release|Any CPU.ActiveCfg = Release|Any CPU
		{B95DC806-28FE-445F-8DBF-C3552BE41276}.Release|Any CPU.Build.0 = Release|Any CPU
	EndGlobalSection
	GlobalSection(SolutionProperties) = preSolution
		HideSolutionNode = FALSE
	EndGlobalSection
EndGlobal
